
Microsoft Visual Studio Solution File, Format Version 12.00
# Visual Studio Version 17
VisualStudioVersion = 17.4.33110.190
MinimumVisualStudioVersion = 10.0.40219.1
Project("{9A19103F-16F7-4668-BE54-9A1E7A4F7556}") = "TradingAlgo", "TradingAlgo\TradingAlgo.csproj", "{467CA270-404E-4CEC-9B5C-9E0A8E078CA8}"
EndProject
Project("{9A19103F-16F7-4668-BE54-9A1E7A4F7556}") = "SimpleMovingAverage", "SimpleMovingAverage\SimpleMovingAverage.csproj", "{E132764C-F5D6-4AC0-AD14-3A660C509FE5}"
EndProject
Project("{9A19103F-16F7-4668-BE54-9A1E7A4F7556}") = "AlphaVantage", "AlphaVantage\AlphaVantage.csproj", "{438D204A-235E-44AE-B114-99E197364332}"
EndProject
Project("{FAE04EC0-301F-11D3-BF4B-00C04F79EFBC}") = "WebScraper", "WebScraper\WebScraper.csproj", "{828ADD42-02C4-4AA6-9276-9CB1817850A0}"
EndProject
Global
	GlobalSection(SolutionConfigurationPlatforms) = preSolution
		Debug|Any CPU = Debug|Any CPU
		Release|Any CPU = Release|Any CPU
	EndGlobalSection
	GlobalSection(ProjectConfigurationPlatforms) = postSolution
		{467CA270-404E-4CEC-9B5C-9E0A8E078CA8}.Debug|Any CPU.ActiveCfg = Debug|Any CPU
		{467CA270-404E-4CEC-9B5C-9E0A8E078CA8}.Debug|Any CPU.Build.0 = Debug|Any CPU
		{467CA270-404E-4CEC-9B5C-9E0A8E078CA8}.Release|Any CPU.ActiveCfg = Release|Any CPU
		{467CA270-404E-4CEC-9B5C-9E0A8E078CA8}.Release|Any CPU.Build.0 = Release|Any CPU
		{E132764C-F5D6-4AC0-AD14-3A660C509FE5}.Debug|Any CPU.ActiveCfg = Debug|Any CPU
		{E132764C-F5D6-4AC0-AD14-3A660C509FE5}.Debug|Any CPU.Build.0 = Debug|Any CPU
		{E132764C-F5D6-4AC0-AD14-3A660C509FE5}.Release|Any CPU.ActiveCfg = Release|Any CPU
		{E132764C-F5D6-4AC0-AD14-3A660C509FE5}.Release|Any CPU.Build.0 = Release|Any CPU
		{438D204A-235E-44AE-B114-99E197364332}.Debug|Any CPU.ActiveCfg = Debug|Any CPU
		{438D204A-235E-44AE-B114-99E197364332}.Debug|Any CPU.Build.0 = Debug|Any CPU
		{438D204A-235E-44AE-B114-99E197364332}.Release|Any CPU.ActiveCfg = Release|Any CPU
		{438D204A-235E-44AE-B114-99E197364332}.Release|Any CPU.Build.0 = Release|Any CPU
		{828ADD42-02C4-4AA6-9276-9CB1817850A0}.Debug|Any CPU.ActiveCfg = Debug|Any CPU
		{828ADD42-02C4-4AA6-9276-9CB1817850A0}.Debug|Any CPU.Build.0 = Debug|Any CPU
		{828ADD42-02C4-4AA6-9276-9CB1817850A0}.Release|Any CPU.ActiveCfg = Release|Any CPU
		{828ADD42-02C4-4AA6-9276-9CB1817850A0}.Release|Any CPU.Build.0 = Release|Any CPU
	EndGlobalSection
	GlobalSection(SolutionProperties) = preSolution
		HideSolutionNode = FALSE
	EndGlobalSection
	GlobalSection(ExtensibilityGlobals) = postSolution
		SolutionGuid = {45C40E8A-CBF8-4836-A435-458A9380A473}
	EndGlobalSection
EndGlobal
